<?xml version="1.0" encoding="utf-8"?>
<Project ToolsVersion="4.0" xmlns="http://schemas.microsoft.com/developer/msbuild/2003">
  <ItemGroup>
    <Filter Include="소스 파일">
      <UniqueIdentifier>{4FC737F1-C7A5-4376-A066-2A32D752A2FF}</UniqueIdentifier>
      <Extensions>cpp;c;cc;cxx;def;odl;idl;hpj;bat;asm;asmx</Extensions>
    </Filter>
    <Filter Include="헤더 파일">
      <UniqueIdentifier>{93995380-89BD-4b04-88EB-625FBE52EBFB}</UniqueIdentifier>
      <Extensions>h;hpp;hxx;hm;inl;inc;xsd</Extensions>
    </Filter>
    <Filter Include="리소스 파일">
      <UniqueIdentifier>{67DA6AB6-F800-4c08-8B7A-83BB121AAD01}</UniqueIdentifier>
      <Extensions>rc;ico;cur;bmp;dlg;rc2;rct;bin;rgs;gif;jpg;jpeg;jpe;resx;tiff;tif;png;wav;mfcribbon-ms</Extensions>
    </Filter>
    <Filter Include="소스 파일\UI">
      <UniqueIdentifier>{05220a31-4bee-48af-9c8f-8ff4ce775a9a}</UniqueIdentifier>
    </Filter>
    <Filter Include="헤더 파일\UI">
      <UniqueIdentifier>{5e6ab755-2393-4f6f-bdff-24ac567afa3e}</UniqueIdentifier>
    </Filter>
  </ItemGroup>
  <ItemGroup>
    <ClCompile Include="main.cpp">
      <Filter>소스 파일</Filter>
    </ClCompile>
    <ClCompile Include="UI\UIObject.cpp">
      <Filter>소스 파일\UI</Filter>
    </ClCompile>
    <ClCompile Include="UI\MenuStrip.cpp">
      <Filter>소스 파일\UI</Filter>
    </ClCompile>
    <ClCompile Include="UI\TextBox.cpp">
      <Filter>소스 파일\UI</Filter>
    </ClCompile>
    <ClCompile Include="UI\UIManager.cpp">
      <Filter>소스 파일\UI</Filter>
    </ClCompile>
    <ClCompile Include="UI\LabeledStrip.cpp">
      <Filter>소스 파일\UI</Filter>
    </ClCompile>
    <ClCompile Include="UI\Label.cpp">
      <Filter>소스 파일\UI</Filter>
    </ClCompile>
    <ClCompile Include="UI\ArrayView.cpp">
      <Filter>소스 파일\UI</Filter>
    </ClCompile>
    <ClCompile Include="UI\ColorLabel.cpp">
      <Filter>소스 파일\UI</Filter>
    </ClCompile>
  </ItemGroup>
  <ItemGroup>
    <ClInclude Include="UI\ArrayView.h">
      <Filter>헤더 파일\UI</Filter>
    </ClInclude>
    <ClInclude Include="UI\UIObject.h">
      <Filter>헤더 파일\UI</Filter>
    </ClInclude>
    <ClInclude Include="UI\gterm.h">
      <Filter>헤더 파일\UI</Filter>
    </ClInclude>
    <ClInclude Include="UI\Label.h">
      <Filter>헤더 파일\UI</Filter>
    </ClInclude>
    <ClInclude Include="UI\LabeledStrip.h">
      <Filter>헤더 파일\UI</Filter>
    </ClInclude>
    <ClInclude Include="UI\MenuStrip.h">
      <Filter>헤더 파일\UI</Filter>
    </ClInclude>
    <ClInclude Include="UI\TextBox.h">
      <Filter>헤더 파일\UI</Filter>
    </ClInclude>
    <ClInclude Include="UI\UICallback.h">
      <Filter>헤더 파일\UI</Filter>
    </ClInclude>
    <ClInclude Include="UI\UIManager.h">
      <Filter>헤더 파일\UI</Filter>
    </ClInclude>
    <ClInclude Include="UI\ColorLabel.h">
      <Filter>헤더 파일\UI</Filter>
    </ClInclude>
  </ItemGroup>
</Project>